
Microsoft Visual Studio Solution File, Format Version 12.00
# Visual Studio Version 16
VisualStudioVersion = 16.0.31313.79
MinimumVisualStudioVersion = 10.0.40219.1
Project("{9A19103F-16F7-4668-BE54-9A1E7A4F7556}") = "LAT-LONG-UTM", "LAT-LONG-UTM\LAT-LONG-UTM.csproj", "{A08CE6D8-1410-486B-A0AB-A113FA9860E4}"
EndProject
Global
	GlobalSection(SolutionConfigurationPlatforms) = preSolution
		Debug|Any CPU = Debug|Any CPU
		Release|Any CPU = Release|Any CPU
		Description = Conversor de Coordenadas UTM para Latitude-Longitude e vice-versa
	EndGlobalSection
	GlobalSection(ProjectConfigurationPlatforms) = postSolution
		{A08CE6D8-1410-486B-A0AB-A113FA9860E4}.Debug|Any CPU.ActiveCfg = Debug|Any CPU
		{A08CE6D8-1410-486B-A0AB-A113FA9860E4}.Debug|Any CPU.Build.0 = Debug|Any CPU
		{A08CE6D8-1410-486B-A0AB-A113FA9860E4}.Release|Any CPU.ActiveCfg = Release|Any CPU
		{A08CE6D8-1410-486B-A0AB-A113FA9860E4}.Release|Any CPU.Build.0 = Release|Any CPU
	EndGlobalSection
	GlobalSection(SolutionProperties) = preSolution
		HideSolutionNode = FALSE
	EndGlobalSection
	GlobalSection(ExtensibilityGlobals) = postSolution
		SolutionGuid = {BA95CFC5-F5A2-4CA5-8004-71367DF81E76}
	EndGlobalSection
EndGlobal
